
Microsoft Visual Studio Solution File, Format Version 12.00
# Visual Studio Version 16
VisualStudioVersion = 16.0.31205.134
MinimumVisualStudioVersion = 10.0.40219.1
Project("{FAE04EC0-301F-11D3-BF4B-00C04F79EFBC}") = "ChapeauxUI", "ChapeauxUI\ChapeauxUI.csproj", "{96A79978-3A08-4914-92FE-8D294648DBCF}"
EndProject
Project("{FAE04EC0-301F-11D3-BF4B-00C04F79EFBC}") = "ChapeauxDAL", "ChapeauxDAL\ChapeauxDAL.csproj", "{A504F277-48E0-45C9-AE25-A25D892009AE}"
EndProject
Project("{FAE04EC0-301F-11D3-BF4B-00C04F79EFBC}") = "ChapeauxLogic", "ChapeauxLogic\ChapeauxLogic.csproj", "{45641C85-D931-42A8-AD63-E13A2B26B812}"
EndProject
Project("{FAE04EC0-301F-11D3-BF4B-00C04F79EFBC}") = "ChapeauxModel", "ChapeauxModel\ChapeauxModel.csproj", "{1719E5F4-9769-4ED2-8B45-676B4E27111F}"
EndProject
Project("{9A19103F-16F7-4668-BE54-9A1E7A4F7556}") = "Dummy2", "Dummy2\Dummy2.csproj", "{CB65DA9E-8ED0-4E25-8254-6E9FD52CC0CD}"
EndProject
Project("{9A19103F-16F7-4668-BE54-9A1E7A4F7556}") = "Dummy3", "Dummy3\Dummy3.csproj", "{D8D5D04D-F55C-4C7A-AEF3-104D684E7944}"
EndProject
Project("{FAE04EC0-301F-11D3-BF4B-00C04F79EFBC}") = "Dummy", "Dummy\Dummy.csproj", "{1435ED1D-75E3-4461-8A7A-2CBE1AA86A7D}"
EndProject
Global
	GlobalSection(SolutionConfigurationPlatforms) = preSolution
		Debug|Any CPU = Debug|Any CPU
		Release|Any CPU = Release|Any CPU
	EndGlobalSection
	GlobalSection(ProjectConfigurationPlatforms) = postSolution
		{96A79978-3A08-4914-92FE-8D294648DBCF}.Debug|Any CPU.ActiveCfg = Debug|Any CPU
		{96A79978-3A08-4914-92FE-8D294648DBCF}.Debug|Any CPU.Build.0 = Debug|Any CPU
		{96A79978-3A08-4914-92FE-8D294648DBCF}.Release|Any CPU.ActiveCfg = Release|Any CPU
		{96A79978-3A08-4914-92FE-8D294648DBCF}.Release|Any CPU.Build.0 = Release|Any CPU
		{A504F277-48E0-45C9-AE25-A25D892009AE}.Debug|Any CPU.ActiveCfg = Debug|Any CPU
		{A504F277-48E0-45C9-AE25-A25D892009AE}.Debug|Any CPU.Build.0 = Debug|Any CPU
		{A504F277-48E0-45C9-AE25-A25D892009AE}.Release|Any CPU.ActiveCfg = Release|Any CPU
		{A504F277-48E0-45C9-AE25-A25D892009AE}.Release|Any CPU.Build.0 = Release|Any CPU
		{45641C85-D931-42A8-AD63-E13A2B26B812}.Debug|Any CPU.ActiveCfg = Debug|Any CPU
		{45641C85-D931-42A8-AD63-E13A2B26B812}.Debug|Any CPU.Build.0 = Debug|Any CPU
		{45641C85-D931-42A8-AD63-E13A2B26B812}.Release|Any CPU.ActiveCfg = Release|Any CPU
		{45641C85-D931-42A8-AD63-E13A2B26B812}.Release|Any CPU.Build.0 = Release|Any CPU
		{1719E5F4-9769-4ED2-8B45-676B4E27111F}.Debug|Any CPU.ActiveCfg = Debug|Any CPU
		{1719E5F4-9769-4ED2-8B45-676B4E27111F}.Debug|Any CPU.Build.0 = Debug|Any CPU
		{1719E5F4-9769-4ED2-8B45-676B4E27111F}.Release|Any CPU.ActiveCfg = Release|Any CPU
		{1719E5F4-9769-4ED2-8B45-676B4E27111F}.Release|Any CPU.Build.0 = Release|Any CPU
		{CB65DA9E-8ED0-4E25-8254-6E9FD52CC0CD}.Debug|Any CPU.ActiveCfg = Debug|Any CPU
		{CB65DA9E-8ED0-4E25-8254-6E9FD52CC0CD}.Release|Any CPU.ActiveCfg = Release|Any CPU
		{CB65DA9E-8ED0-4E25-8254-6E9FD52CC0CD}.Release|Any CPU.Build.0 = Release|Any CPU
		{D8D5D04D-F55C-4C7A-AEF3-104D684E7944}.Debug|Any CPU.ActiveCfg = Debug|Any CPU
		{D8D5D04D-F55C-4C7A-AEF3-104D684E7944}.Release|Any CPU.ActiveCfg = Release|Any CPU
		{D8D5D04D-F55C-4C7A-AEF3-104D684E7944}.Release|Any CPU.Build.0 = Release|Any CPU
		{1435ED1D-75E3-4461-8A7A-2CBE1AA86A7D}.Debug|Any CPU.ActiveCfg = Debug|Any CPU
		{1435ED1D-75E3-4461-8A7A-2CBE1AA86A7D}.Release|Any CPU.ActiveCfg = Release|Any CPU
		{1435ED1D-75E3-4461-8A7A-2CBE1AA86A7D}.Release|Any CPU.Build.0 = Release|Any CPU
	EndGlobalSection
	GlobalSection(SolutionProperties) = preSolution
		HideSolutionNode = FALSE
	EndGlobalSection
	GlobalSection(ExtensibilityGlobals) = postSolution
		SolutionGuid = {6E0BE876-5DDA-4695-96A6-E245777B4B44}
	EndGlobalSection
EndGlobal
